// !$*UTF8*$!
{
	archiveVersion = 1;
	classes = {
	};
	objectVersion = 56;
	objects = {

/* Begin PBXBuildFile section */
		5B5B41E129BA2A3B003ABC5B /* 부족한 금액 계산하기.swift in Sources */ = {isa = PBXBuildFile; fileRef = 5B5B41E029BA2A3B003ABC5B /* 부족한 금액 계산하기.swift */; };
		5B5B41E529BA3751003ABC5B /* 최대공약수와 최소공배수.swift in Sources */ = {isa = PBXBuildFile; fileRef = 5B5B41E429BA3751003ABC5B /* 최대공약수와 최소공배수.swift */; };
		5BA4E04E29C1E5C4008BE590 /* 이상한 문자 만들기.swift in Sources */ = {isa = PBXBuildFile; fileRef = 5BA4E04D29C1E5C4008BE590 /* 이상한 문자 만들기.swift */; };
		5BA4E05029C210F3008BE590 /* 3진법 뒤집기.swift in Sources */ = {isa = PBXBuildFile; fileRef = 5BA4E04F29C210F3008BE590 /* 3진법 뒤집기.swift */; };
		5BCF299E29E41B77006DB91C /* 2961.swift in Sources */ = {isa = PBXBuildFile; fileRef = 5BCF299D29E41B77006DB91C /* 2961.swift */; };
/* End PBXBuildFile section */

/* Begin PBXCopyFilesBuildPhase section */
		5BCB23BD29B211F3000F49F6 /* CopyFiles */ = {
			isa = PBXCopyFilesBuildPhase;
			buildActionMask = 2147483647;
			dstPath = /usr/share/man/man1/;
			dstSubfolderSpec = 0;
			files = (
			);
			runOnlyForDeploymentPostprocessing = 1;
		};
/* End PBXCopyFilesBuildPhase section */

/* Begin PBXFileReference section */
		5B4DA02029DC4ECF00FB6ED9 /* 6603.swift */ = {isa = PBXFileReference; lastKnownFileType = sourcecode.swift; path = 6603.swift; sourceTree = "<group>"; };
		5B57ECCD29C8628D00A3A8E1 /* 17086.swift */ = {isa = PBXFileReference; lastKnownFileType = sourcecode.swift; path = 17086.swift; sourceTree = "<group>"; };
		5B5B41DE29BA25F2003ABC5B /* 수박수박수박수박수박수?.swift */ = {isa = PBXFileReference; lastKnownFileType = sourcecode.swift; path = "수박수박수박수박수박수?.swift"; sourceTree = "<group>"; };
		5B5B41E029BA2A3B003ABC5B /* 부족한 금액 계산하기.swift */ = {isa = PBXFileReference; lastKnownFileType = sourcecode.swift; path = "부족한 금액 계산하기.swift"; sourceTree = "<group>"; };
		5B5B41E229BA32B7003ABC5B /* 직사각형 별찍기.swift */ = {isa = PBXFileReference; lastKnownFileType = sourcecode.swift; path = "직사각형 별찍기.swift"; sourceTree = "<group>"; };
		5B5B41E429BA3751003ABC5B /* 최대공약수와 최소공배수.swift */ = {isa = PBXFileReference; lastKnownFileType = sourcecode.swift; path = "최대공약수와 최소공배수.swift"; sourceTree = "<group>"; };
		5B5F864029CEC41A00037C1E /* 2583.swift */ = {isa = PBXFileReference; lastKnownFileType = sourcecode.swift; path = 2583.swift; sourceTree = "<group>"; };
		5B5F864229CEF18900037C1E /* 7569.swift */ = {isa = PBXFileReference; lastKnownFileType = sourcecode.swift; path = 7569.swift; sourceTree = "<group>"; };
		5BA4E04D29C1E5C4008BE590 /* 이상한 문자 만들기.swift */ = {isa = PBXFileReference; lastKnownFileType = sourcecode.swift; path = "이상한 문자 만들기.swift"; sourceTree = "<group>"; };
		5BA4E04F29C210F3008BE590 /* 3진법 뒤집기.swift */ = {isa = PBXFileReference; lastKnownFileType = sourcecode.swift; path = "3진법 뒤집기.swift"; sourceTree = "<group>"; };
		5BC893C029C9C3D200CA6E5F /* 6118.swift */ = {isa = PBXFileReference; lastKnownFileType = sourcecode.swift; path = 6118.swift; sourceTree = "<group>"; };
		5BC893CA29CB4FAF00CA6E5F /* 네트워크.swift */ = {isa = PBXFileReference; lastKnownFileType = sourcecode.swift; path = "네트워크.swift"; sourceTree = "<group>"; };
		5BC893D829CC4BF100CA6E5F /* 2468.swift */ = {isa = PBXFileReference; lastKnownFileType = sourcecode.swift; path = 2468.swift; sourceTree = "<group>"; };
		5BCB23BF29B211F3000F49F6 /* SwiftAlgorithm */ = {isa = PBXFileReference; explicitFileType = "compiled.mach-o.executable"; includeInIndex = 0; path = SwiftAlgorithm; sourceTree = BUILT_PRODUCTS_DIR; };
		5BCB23C229B211F3000F49F6 /* input.swift */ = {isa = PBXFileReference; lastKnownFileType = sourcecode.swift; path = input.swift; sourceTree = "<group>"; };
		5BCB23CA29B214CE000F49F6 /* 2644.swift */ = {isa = PBXFileReference; lastKnownFileType = sourcecode.swift; path = 2644.swift; sourceTree = "<group>"; };
		5BCB23CC29B2151F000F49F6 /* 1260.swift */ = {isa = PBXFileReference; lastKnownFileType = sourcecode.swift; path = 1260.swift; sourceTree = "<group>"; };
		5BCB23CF29B465A8000F49F6 /* 7576.swift */ = {isa = PBXFileReference; lastKnownFileType = sourcecode.swift; path = 7576.swift; sourceTree = "<group>"; };
		5BCB23D929B5F08D000F49F6 /* 10026.swift */ = {isa = PBXFileReference; lastKnownFileType = sourcecode.swift; path = 10026.swift; sourceTree = "<group>"; };
		5BCB23DC29B6215C000F49F6 /* 콜라즈추측.swift */ = {isa = PBXFileReference; lastKnownFileType = sourcecode.swift; path = "콜라즈추측.swift"; sourceTree = "<group>"; };
		5BCB23DE29B6259F000F49F6 /* 핸드폰 번호 가리기.swift */ = {isa = PBXFileReference; lastKnownFileType = sourcecode.swift; path = "핸드폰 번호 가리기.swift"; sourceTree = "<group>"; };
		5BCF299D29E41B77006DB91C /* 2961.swift */ = {isa = PBXFileReference; lastKnownFileType = sourcecode.swift; path = 2961.swift; sourceTree = "<group>"; };
		5BDCC72829DC232B006C6A02 /* 2156.swift */ = {isa = PBXFileReference; lastKnownFileType = sourcecode.swift; path = 2156.swift; sourceTree = "<group>"; };
/* End PBXFileReference section */

/* Begin PBXFrameworksBuildPhase section */
		5BCB23BC29B211F3000F49F6 /* Frameworks */ = {
			isa = PBXFrameworksBuildPhase;
			buildActionMask = 2147483647;
			files = (
			);
			runOnlyForDeploymentPostprocessing = 0;
		};
/* End PBXFrameworksBuildPhase section */

/* Begin PBXGroup section */
		5B34A25129B8A1CD0013C3EA /* PRGLevelOne */ = {
			isa = PBXGroup;
			children = (
				5BCB23DC29B6215C000F49F6 /* 콜라즈추측.swift */,
				5BCB23DE29B6259F000F49F6 /* 핸드폰 번호 가리기.swift */,
				5B5B41DE29BA25F2003ABC5B /* 수박수박수박수박수박수?.swift */,
				5B5B41E029BA2A3B003ABC5B /* 부족한 금액 계산하기.swift */,
				5B5B41E229BA32B7003ABC5B /* 직사각형 별찍기.swift */,
				5B5B41E429BA3751003ABC5B /* 최대공약수와 최소공배수.swift */,
				5BA4E04D29C1E5C4008BE590 /* 이상한 문자 만들기.swift */,
				5BA4E04F29C210F3008BE590 /* 3진법 뒤집기.swift */,
			);
			name = PRGLevelOne;
			path = "구현";
			sourceTree = "<group>";
		};
		5BCB23B629B211F3000F49F6 = {
			isa = PBXGroup;
			children = (
				5BCB23C129B211F3000F49F6 /* SwiftAlgorithm */,
				5BCB23C029B211F3000F49F6 /* Products */,
			);
			sourceTree = "<group>";
		};
		5BCB23C029B211F3000F49F6 /* Products */ = {
			isa = PBXGroup;
			children = (
				5BCB23BF29B211F3000F49F6 /* SwiftAlgorithm */,
			);
			name = Products;
			sourceTree = "<group>";
		};
		5BCB23C129B211F3000F49F6 /* SwiftAlgorithm */ = {
			isa = PBXGroup;
			children = (
				5BCB23C229B211F3000F49F6 /* input.swift */,
				5BCB23DB29B61F76000F49F6 /* Stack&Queue */,
				5BCB23C929B214B4000F49F6 /* BFS&DFS */,
				5BDCC72729DC2322006C6A02 /* DP */,
				5B34A25129B8A1CD0013C3EA /* PRGLevelOne */,
			);
			path = SwiftAlgorithm;
			sourceTree = "<group>";
		};
		5BCB23C929B214B4000F49F6 /* BFS&DFS */ = {
			isa = PBXGroup;
			children = (
				5BCB23CA29B214CE000F49F6 /* 2644.swift */,
				5BCB23CC29B2151F000F49F6 /* 1260.swift */,
				5BCB23CF29B465A8000F49F6 /* 7576.swift */,
				5BCB23D929B5F08D000F49F6 /* 10026.swift */,
				5B57ECCD29C8628D00A3A8E1 /* 17086.swift */,
				5BC893C029C9C3D200CA6E5F /* 6118.swift */,
				5BC893CA29CB4FAF00CA6E5F /* 네트워크.swift */,
				5BC893D829CC4BF100CA6E5F /* 2468.swift */,
				5B5F864029CEC41A00037C1E /* 2583.swift */,
				5B5F864229CEF18900037C1E /* 7569.swift */,
				5B4DA02029DC4ECF00FB6ED9 /* 6603.swift */,
			);
			path = "BFS&DFS";
			sourceTree = "<group>";
		};
		5BCB23DB29B61F76000F49F6 /* Stack&Queue */ = {
			isa = PBXGroup;
			children = (
			);
			path = "Stack&Queue";
			sourceTree = "<group>";
		};
		5BDCC72729DC2322006C6A02 /* DP */ = {
			isa = PBXGroup;
			children = (
				5BDCC72829DC232B006C6A02 /* 2156.swift */,
				5BCF299D29E41B77006DB91C /* 2961.swift */,
			);
			path = DP;
			sourceTree = "<group>";
		};
/* End PBXGroup section */

/* Begin PBXNativeTarget section */
		5BCB23BE29B211F3000F49F6 /* SwiftAlgorithm */ = {
			isa = PBXNativeTarget;
			buildConfigurationList = 5BCB23C629B211F3000F49F6 /* Build configuration list for PBXNativeTarget "SwiftAlgorithm" */;
			buildPhases = (
				5BCB23BB29B211F3000F49F6 /* Sources */,
				5BCB23BC29B211F3000F49F6 /* Frameworks */,
				5BCB23BD29B211F3000F49F6 /* CopyFiles */,
			);
			buildRules = (
			);
			dependencies = (
			);
			name = SwiftAlgorithm;
			productName = SwiftAlgorithm;
			productReference = 5BCB23BF29B211F3000F49F6 /* SwiftAlgorithm */;
			productType = "com.apple.product-type.tool";
		};
/* End PBXNativeTarget section */

/* Begin PBXProject section */
		5BCB23B729B211F3000F49F6 /* Project object */ = {
			isa = PBXProject;
			attributes = {
				BuildIndependentTargetsInParallel = 1;
				LastSwiftUpdateCheck = 1420;
				LastUpgradeCheck = 1420;
				TargetAttributes = {
					5BCB23BE29B211F3000F49F6 = {
						CreatedOnToolsVersion = 14.2;
						LastSwiftMigration = 1420;
					};
				};
			};
			buildConfigurationList = 5BCB23BA29B211F3000F49F6 /* Build configuration list for PBXProject "SwiftAlgorithm" */;
			compatibilityVersion = "Xcode 14.0";
			developmentRegion = en;
			hasScannedForEncodings = 0;
			knownRegions = (
				en,
				Base,
			);
			mainGroup = 5BCB23B629B211F3000F49F6;
			productRefGroup = 5BCB23C029B211F3000F49F6 /* Products */;
			projectDirPath = "";
			projectRoot = "";
			targets = (
				5BCB23BE29B211F3000F49F6 /* SwiftAlgorithm */,
			);
		};
/* End PBXProject section */

/* Begin PBXSourcesBuildPhase section */
		5BCB23BB29B211F3000F49F6 /* Sources */ = {
			isa = PBXSourcesBuildPhase;
			buildActionMask = 2147483647;
			files = (
				5B5B41E129BA2A3B003ABC5B /* 부족한 금액 계산하기.swift in Sources */,
				5BCF299E29E41B77006DB91C /* 2961.swift in Sources */,
				5BA4E05029C210F3008BE590 /* 3진법 뒤집기.swift in Sources */,
				5BA4E04E29C1E5C4008BE590 /* 이상한 문자 만들기.swift in Sources */,
				5B5B41E529BA3751003ABC5B /* 최대공약수와 최소공배수.swift in Sources */,
			);
			runOnlyForDeploymentPostprocessing = 0;
		};
/* End PBXSourcesBuildPhase section */

/* Begin XCBuildConfiguration section */
		5BCB23C429B211F3000F49F6 /* Debug */ = {
			isa = XCBuildConfiguration;
			buildSettings = {
				ALWAYS_SEARCH_USER_PATHS = NO;
				CLANG_ANALYZER_NONNULL = YES;
				CLANG_ANALYZER_NUMBER_OBJECT_CONVERSION = YES_AGGRESSIVE;
				CLANG_CXX_LANGUAGE_STANDARD = "gnu++20";
				CLANG_ENABLE_MODULES = YES;
				CLANG_ENABLE_OBJC_ARC = YES;
				CLANG_ENABLE_OBJC_WEAK = YES;
				CLANG_WARN_BLOCK_CAPTURE_AUTORELEASING = YES;
				CLANG_WARN_BOOL_CONVERSION = YES;
				CLANG_WARN_COMMA = YES;
				CLANG_WARN_CONSTANT_CONVERSION = YES;
				CLANG_WARN_DEPRECATED_OBJC_IMPLEMENTATIONS = YES;
				CLANG_WARN_DIRECT_OBJC_ISA_USAGE = YES_ERROR;
				CLANG_WARN_DOCUMENTATION_COMMENTS = YES;
				CLANG_WARN_EMPTY_BODY = YES;
				CLANG_WARN_ENUM_CONVERSION = YES;
				CLANG_WARN_INFINITE_RECURSION = YES;
				CLANG_WARN_INT_CONVERSION = YES;
				CLANG_WARN_NON_LITERAL_NULL_CONVERSION = YES;
				CLANG_WARN_OBJC_IMPLICIT_RETAIN_SELF = YES;
				CLANG_WARN_OBJC_LITERAL_CONVERSION = YES;
				CLANG_WARN_OBJC_ROOT_CLASS = YES_ERROR;
				CLANG_WARN_QUOTED_INCLUDE_IN_FRAMEWORK_HEADER = YES;
				CLANG_WARN_RANGE_LOOP_ANALYSIS = YES;
				CLANG_WARN_STRICT_PROTOTYPES = YES;
				CLANG_WARN_SUSPICIOUS_MOVE = YES;
				CLANG_WARN_UNGUARDED_AVAILABILITY = YES_AGGRESSIVE;
				CLANG_WARN_UNREACHABLE_CODE = YES;
				CLANG_WARN__DUPLICATE_METHOD_MATCH = YES;
				COPY_PHASE_STRIP = NO;
				DEBUG_INFORMATION_FORMAT = dwarf;
				ENABLE_STRICT_OBJC_MSGSEND = YES;
				ENABLE_TESTABILITY = YES;
				GCC_C_LANGUAGE_STANDARD = gnu11;
				GCC_DYNAMIC_NO_PIC = NO;
				GCC_NO_COMMON_BLOCKS = YES;
				GCC_OPTIMIZATION_LEVEL = 0;
				GCC_PREPROCESSOR_DEFINITIONS = (
					"DEBUG=1",
					"$(inherited)",
				);
				GCC_WARN_64_TO_32_BIT_CONVERSION = YES;
				GCC_WARN_ABOUT_RETURN_TYPE = YES_ERROR;
				GCC_WARN_UNDECLARED_SELECTOR = YES;
				GCC_WARN_UNINITIALIZED_AUTOS = YES_AGGRESSIVE;
				GCC_WARN_UNUSED_FUNCTION = YES;
				GCC_WARN_UNUSED_VARIABLE = YES;
				MACOSX_DEPLOYMENT_TARGET = 13.1;
				MTL_ENABLE_DEBUG_INFO = INCLUDE_SOURCE;
				MTL_FAST_MATH = YES;
				ONLY_ACTIVE_ARCH = YES;
				SDKROOT = macosx;
				SWIFT_ACTIVE_COMPILATION_CONDITIONS = DEBUG;
				SWIFT_OPTIMIZATION_LEVEL = "-Onone";
			};
			name = Debug;
		};
		5BCB23C529B211F3000F49F6 /* Release */ = {
			isa = XCBuildConfiguration;
			buildSettings = {
				ALWAYS_SEARCH_USER_PATHS = NO;
				CLANG_ANALYZER_NONNULL = YES;
				CLANG_ANALYZER_NUMBER_OBJECT_CONVERSION = YES_AGGRESSIVE;
				CLANG_CXX_LANGUAGE_STANDARD = "gnu++20";
				CLANG_ENABLE_MODULES = YES;
				CLANG_ENABLE_OBJC_ARC = YES;
				CLANG_ENABLE_OBJC_WEAK = YES;
				CLANG_WARN_BLOCK_CAPTURE_AUTORELEASING = YES;
				CLANG_WARN_BOOL_CONVERSION = YES;
				CLANG_WARN_COMMA = YES;
				CLANG_WARN_CONSTANT_CONVERSION = YES;
				CLANG_WARN_DEPRECATED_OBJC_IMPLEMENTATIONS = YES;
				CLANG_WARN_DIRECT_OBJC_ISA_USAGE = YES_ERROR;
				CLANG_WARN_DOCUMENTATION_COMMENTS = YES;
				CLANG_WARN_EMPTY_BODY = YES;
				CLANG_WARN_ENUM_CONVERSION = YES;
				CLANG_WARN_INFINITE_RECURSION = YES;
				CLANG_WARN_INT_CONVERSION = YES;
				CLANG_WARN_NON_LITERAL_NULL_CONVERSION = YES;
				CLANG_WARN_OBJC_IMPLICIT_RETAIN_SELF = YES;
				CLANG_WARN_OBJC_LITERAL_CONVERSION = YES;
				CLANG_WARN_OBJC_ROOT_CLASS = YES_ERROR;
				CLANG_WARN_QUOTED_INCLUDE_IN_FRAMEWORK_HEADER = YES;
				CLANG_WARN_RANGE_LOOP_ANALYSIS = YES;
				CLANG_WARN_STRICT_PROTOTYPES = YES;
				CLANG_WARN_SUSPICIOUS_MOVE = YES;
				CLANG_WARN_UNGUARDED_AVAILABILITY = YES_AGGRESSIVE;
				CLANG_WARN_UNREACHABLE_CODE = YES;
				CLANG_WARN__DUPLICATE_METHOD_MATCH = YES;
				COPY_PHASE_STRIP = NO;
				DEBUG_INFORMATION_FORMAT = "dwarf-with-dsym";
				ENABLE_NS_ASSERTIONS = NO;
				ENABLE_STRICT_OBJC_MSGSEND = YES;
				GCC_C_LANGUAGE_STANDARD = gnu11;
				GCC_NO_COMMON_BLOCKS = YES;
				GCC_WARN_64_TO_32_BIT_CONVERSION = YES;
				GCC_WARN_ABOUT_RETURN_TYPE = YES_ERROR;
				GCC_WARN_UNDECLARED_SELECTOR = YES;
				GCC_WARN_UNINITIALIZED_AUTOS = YES_AGGRESSIVE;
				GCC_WARN_UNUSED_FUNCTION = YES;
				GCC_WARN_UNUSED_VARIABLE = YES;
				MACOSX_DEPLOYMENT_TARGET = 13.1;
				MTL_ENABLE_DEBUG_INFO = NO;
				MTL_FAST_MATH = YES;
				SDKROOT = macosx;
				SWIFT_COMPILATION_MODE = wholemodule;
				SWIFT_OPTIMIZATION_LEVEL = "-O";
			};
			name = Release;
		};
		5BCB23C729B211F3000F49F6 /* Debug */ = {
			isa = XCBuildConfiguration;
			buildSettings = {
				CLANG_ENABLE_MODULES = YES;
				CODE_SIGN_STYLE = Automatic;
				DEVELOPMENT_TEAM = 5GQ6QL9S3X;
				ENABLE_HARDENED_RUNTIME = YES;
				LD_RUNPATH_SEARCH_PATHS = (
					"$(inherited)",
					"@executable_path/../Frameworks",
					"@loader_path/../Frameworks",
				);
				PRODUCT_NAME = "$(TARGET_NAME)";
				SWIFT_OPTIMIZATION_LEVEL = "-Onone";
				SWIFT_VERSION = 5.0;
			};
			name = Debug;
		};
		5BCB23C829B211F3000F49F6 /* Release */ = {
			isa = XCBuildConfiguration;
			buildSettings = {
				CLANG_ENABLE_MODULES = YES;
				CODE_SIGN_STYLE = Automatic;
				DEVELOPMENT_TEAM = 5GQ6QL9S3X;
				ENABLE_HARDENED_RUNTIME = YES;
				LD_RUNPATH_SEARCH_PATHS = (
					"$(inherited)",
					"@executable_path/../Frameworks",
					"@loader_path/../Frameworks",
				);
				PRODUCT_NAME = "$(TARGET_NAME)";
				SWIFT_VERSION = 5.0;
			};
			name = Release;
		};
/* End XCBuildConfiguration section */

/* Begin XCConfigurationList section */
		5BCB23BA29B211F3000F49F6 /* Build configuration list for PBXProject "SwiftAlgorithm" */ = {
			isa = XCConfigurationList;
			buildConfigurations = (
				5BCB23C429B211F3000F49F6 /* Debug */,
				5BCB23C529B211F3000F49F6 /* Release */,
			);
			defaultConfigurationIsVisible = 0;
			defaultConfigurationName = Release;
		};
		5BCB23C629B211F3000F49F6 /* Build configuration list for PBXNativeTarget "SwiftAlgorithm" */ = {
			isa = XCConfigurationList;
			buildConfigurations = (
				5BCB23C729B211F3000F49F6 /* Debug */,
				5BCB23C829B211F3000F49F6 /* Release */,
			);
			defaultConfigurationIsVisible = 0;
			defaultConfigurationName = Release;
		};
/* End XCConfigurationList section */
	};
	rootObject = 5BCB23B729B211F3000F49F6 /* Project object */;
}
